// !$*UTF8*$!
{
	archiveVersion = 1;
	classes = {
	};
	objectVersion = 56;
	objects = {

/* Begin PBXBuildFile section */
		0B1DA43229314DDF00B9D08D /* CVApp.swift in Sources */ = {isa = PBXBuildFile; fileRef = 0B1DA43129314DDF00B9D08D /* CVApp.swift */; };
		0B1DA43429314DDF00B9D08D /* MainView.swift in Sources */ = {isa = PBXBuildFile; fileRef = 0B1DA43329314DDF00B9D08D /* MainView.swift */; };
		0B1DA43629314DE100B9D08D /* Assets.xcassets in Resources */ = {isa = PBXBuildFile; fileRef = 0B1DA43529314DE100B9D08D /* Assets.xcassets */; };
		0B1DA43929314DE100B9D08D /* Preview Assets.xcassets in Resources */ = {isa = PBXBuildFile; fileRef = 0B1DA43829314DE100B9D08D /* Preview Assets.xcassets */; };
		0B1DA44329314DE100B9D08D /* CVTests.swift in Sources */ = {isa = PBXBuildFile; fileRef = 0B1DA44229314DE100B9D08D /* CVTests.swift */; };
		0B1DA45C29314EDC00B9D08D /* HeaderView.swift in Sources */ = {isa = PBXBuildFile; fileRef = 0B1DA45B29314EDC00B9D08D /* HeaderView.swift */; };
		0B1DA45E2931504200B9D08D /* HeaderViewModel.swift in Sources */ = {isa = PBXBuildFile; fileRef = 0B1DA45D2931504200B9D08D /* HeaderViewModel.swift */; };
		0B1DA4602931523200B9D08D /* Person.swift in Sources */ = {isa = PBXBuildFile; fileRef = 0B1DA45F2931523200B9D08D /* Person.swift */; };
		0B1DA4622931528500B9D08D /* Person+Me.swift in Sources */ = {isa = PBXBuildFile; fileRef = 0B1DA4612931528500B9D08D /* Person+Me.swift */; };
		0B1DA4642931644E00B9D08D /* Font+DesignSystem.swift in Sources */ = {isa = PBXBuildFile; fileRef = 0B1DA4632931644E00B9D08D /* Font+DesignSystem.swift */; };
		0B1DA466293165E500B9D08D /* CGFloat+Spacings.swift in Sources */ = {isa = PBXBuildFile; fileRef = 0B1DA465293165E500B9D08D /* CGFloat+Spacings.swift */; };
		0B1DA468293174EA00B9D08D /* Color+DesignSystem.swift in Sources */ = {isa = PBXBuildFile; fileRef = 0B1DA467293174EA00B9D08D /* Color+DesignSystem.swift */; };
		0B1DA46A2931787200B9D08D /* MainViewModel.swift in Sources */ = {isa = PBXBuildFile; fileRef = 0B1DA4692931787200B9D08D /* MainViewModel.swift */; };
		0B1DA46C29317B3600B9D08D /* TimelineView.swift in Sources */ = {isa = PBXBuildFile; fileRef = 0B1DA46B29317B3600B9D08D /* TimelineView.swift */; };
		0B1DA46F29317B9200B9D08D /* TimelineViewModel.swift in Sources */ = {isa = PBXBuildFile; fileRef = 0B1DA46E29317B9200B9D08D /* TimelineViewModel.swift */; };
		0B1DA47329317CAE00B9D08D /* Job.swift in Sources */ = {isa = PBXBuildFile; fileRef = 0B1DA47229317CAE00B9D08D /* Job.swift */; };
		0B1DA47529317D3200B9D08D /* ProgrammingLanguage.swift in Sources */ = {isa = PBXBuildFile; fileRef = 0B1DA47429317D3200B9D08D /* ProgrammingLanguage.swift */; };
		0B1DA4772931817400B9D08D /* DateView.swift in Sources */ = {isa = PBXBuildFile; fileRef = 0B1DA4762931817400B9D08D /* DateView.swift */; };
		0B1DA4792931822400B9D08D /* CGFloat+CornerRadius.swift in Sources */ = {isa = PBXBuildFile; fileRef = 0B1DA4782931822400B9D08D /* CGFloat+CornerRadius.swift */; };
		0B1FA2AC29325C6700608507 /* Education.swift in Sources */ = {isa = PBXBuildFile; fileRef = 0B1FA2AB29325C6700608507 /* Education.swift */; };
		0B1FA2AE2932646C00608507 /* DateFormatter+DesignSystem.swift in Sources */ = {isa = PBXBuildFile; fileRef = 0B1FA2AD2932646C00608507 /* DateFormatter+DesignSystem.swift */; };
		0B1FA2B02932663500608507 /* PeriodOfLife.swift in Sources */ = {isa = PBXBuildFile; fileRef = 0B1FA2AF2932663500608507 /* PeriodOfLife.swift */; };
		0B1FA2B929326E1B00608507 /* SkillsView.swift in Sources */ = {isa = PBXBuildFile; fileRef = 0B1FA2B829326E1B00608507 /* SkillsView.swift */; };
		0B1FA2BB29326E2400608507 /* SkillsViewModel.swift in Sources */ = {isa = PBXBuildFile; fileRef = 0B1FA2BA29326E2400608507 /* SkillsViewModel.swift */; };
		0B1FA2BD29326F6000608507 /* Skill.swift in Sources */ = {isa = PBXBuildFile; fileRef = 0B1FA2BC29326F6000608507 /* Skill.swift */; };
		0B1FA2C12932771900608507 /* TagView.swift in Sources */ = {isa = PBXBuildFile; fileRef = 0B1FA2C02932771900608507 /* TagView.swift */; };
		0B1FA2C429327BAE00608507 /* TrainingsView.swift in Sources */ = {isa = PBXBuildFile; fileRef = 0B1FA2C329327BAE00608507 /* TrainingsView.swift */; };
		0B1FA2C629327BB700608507 /* TrainingsViewModel.swift in Sources */ = {isa = PBXBuildFile; fileRef = 0B1FA2C529327BB700608507 /* TrainingsViewModel.swift */; };
		0B1FA2C829327C0A00608507 /* String+Format.swift in Sources */ = {isa = PBXBuildFile; fileRef = 0B1FA2C729327C0A00608507 /* String+Format.swift */; };
		0B1FA2CA29327CC900608507 /* Training.swift in Sources */ = {isa = PBXBuildFile; fileRef = 0B1FA2C929327CC900608507 /* Training.swift */; };
		0B1FA2CC2932842E00608507 /* FlowLayout.swift in Sources */ = {isa = PBXBuildFile; fileRef = 0B1FA2CB2932842E00608507 /* FlowLayout.swift */; };
		0B1FA2CF293288DF00608507 /* InterestsViewModel.swift in Sources */ = {isa = PBXBuildFile; fileRef = 0B1FA2CE293288DF00608507 /* InterestsViewModel.swift */; };
		0B1FA2D1293288F600608507 /* Interest.swift in Sources */ = {isa = PBXBuildFile; fileRef = 0B1FA2D0293288F600608507 /* Interest.swift */; };
		0B1FA2D32932898D00608507 /* InterestsView.swift in Sources */ = {isa = PBXBuildFile; fileRef = 0B1FA2D22932898D00608507 /* InterestsView.swift */; };
		0B1FA2D52932979800608507 /* Date+Convenience.swift in Sources */ = {isa = PBXBuildFile; fileRef = 0B1FA2D42932979800608507 /* Date+Convenience.swift */; };
		0B1FA2D82932BB6400608507 /* PDFRenderer.swift in Sources */ = {isa = PBXBuildFile; fileRef = 0B1FA2D72932BB6400608507 /* PDFRenderer.swift */; };
		0B1FA2DA2932BD2300608507 /* UIApplication+RootViewController.swift in Sources */ = {isa = PBXBuildFile; fileRef = 0B1FA2D92932BD2300608507 /* UIApplication+RootViewController.swift */; };
		0B1FA2DC2932C01500608507 /* View+ColorSchemeBasedShadow.swift in Sources */ = {isa = PBXBuildFile; fileRef = 0B1FA2DB2932C01500608507 /* View+ColorSchemeBasedShadow.swift */; };
/* End PBXBuildFile section */

/* Begin PBXContainerItemProxy section */
		0B1DA43F29314DE100B9D08D /* PBXContainerItemProxy */ = {
			isa = PBXContainerItemProxy;
			containerPortal = 0B1DA42629314DDF00B9D08D /* Project object */;
			proxyType = 1;
			remoteGlobalIDString = 0B1DA42D29314DDF00B9D08D;
			remoteInfo = CV;
		};
/* End PBXContainerItemProxy section */

/* Begin PBXFileReference section */
		0B1DA42E29314DDF00B9D08D /* CV.app */ = {isa = PBXFileReference; explicitFileType = wrapper.application; includeInIndex = 0; path = CV.app; sourceTree = BUILT_PRODUCTS_DIR; };
		0B1DA43129314DDF00B9D08D /* CVApp.swift */ = {isa = PBXFileReference; lastKnownFileType = sourcecode.swift; path = CVApp.swift; sourceTree = "<group>"; };
		0B1DA43329314DDF00B9D08D /* MainView.swift */ = {isa = PBXFileReference; lastKnownFileType = sourcecode.swift; path = MainView.swift; sourceTree = "<group>"; };
		0B1DA43529314DE100B9D08D /* Assets.xcassets */ = {isa = PBXFileReference; lastKnownFileType = folder.assetcatalog; path = Assets.xcassets; sourceTree = "<group>"; };
		0B1DA43829314DE100B9D08D /* Preview Assets.xcassets */ = {isa = PBXFileReference; lastKnownFileType = folder.assetcatalog; path = "Preview Assets.xcassets"; sourceTree = "<group>"; };
		0B1DA43E29314DE100B9D08D /* CVTests.xctest */ = {isa = PBXFileReference; explicitFileType = wrapper.cfbundle; includeInIndex = 0; path = CVTests.xctest; sourceTree = BUILT_PRODUCTS_DIR; };
		0B1DA44229314DE100B9D08D /* CVTests.swift */ = {isa = PBXFileReference; lastKnownFileType = sourcecode.swift; path = CVTests.swift; sourceTree = "<group>"; };
		0B1DA45B29314EDC00B9D08D /* HeaderView.swift */ = {isa = PBXFileReference; lastKnownFileType = sourcecode.swift; path = HeaderView.swift; sourceTree = "<group>"; };
		0B1DA45D2931504200B9D08D /* HeaderViewModel.swift */ = {isa = PBXFileReference; lastKnownFileType = sourcecode.swift; path = HeaderViewModel.swift; sourceTree = "<group>"; };
		0B1DA45F2931523200B9D08D /* Person.swift */ = {isa = PBXFileReference; lastKnownFileType = sourcecode.swift; path = Person.swift; sourceTree = "<group>"; };
		0B1DA4612931528500B9D08D /* Person+Me.swift */ = {isa = PBXFileReference; lastKnownFileType = sourcecode.swift; path = "Person+Me.swift"; sourceTree = "<group>"; };
		0B1DA4632931644E00B9D08D /* Font+DesignSystem.swift */ = {isa = PBXFileReference; lastKnownFileType = sourcecode.swift; path = "Font+DesignSystem.swift"; sourceTree = "<group>"; };
		0B1DA465293165E500B9D08D /* CGFloat+Spacings.swift */ = {isa = PBXFileReference; lastKnownFileType = sourcecode.swift; path = "CGFloat+Spacings.swift"; sourceTree = "<group>"; };
		0B1DA467293174EA00B9D08D /* Color+DesignSystem.swift */ = {isa = PBXFileReference; lastKnownFileType = sourcecode.swift; path = "Color+DesignSystem.swift"; sourceTree = "<group>"; };
		0B1DA4692931787200B9D08D /* MainViewModel.swift */ = {isa = PBXFileReference; lastKnownFileType = sourcecode.swift; path = MainViewModel.swift; sourceTree = "<group>"; };
		0B1DA46B29317B3600B9D08D /* TimelineView.swift */ = {isa = PBXFileReference; lastKnownFileType = sourcecode.swift; path = TimelineView.swift; sourceTree = "<group>"; };
		0B1DA46E29317B9200B9D08D /* TimelineViewModel.swift */ = {isa = PBXFileReference; lastKnownFileType = sourcecode.swift; path = TimelineViewModel.swift; sourceTree = "<group>"; };
		0B1DA47229317CAE00B9D08D /* Job.swift */ = {isa = PBXFileReference; lastKnownFileType = sourcecode.swift; path = Job.swift; sourceTree = "<group>"; };
		0B1DA47429317D3200B9D08D /* ProgrammingLanguage.swift */ = {isa = PBXFileReference; lastKnownFileType = sourcecode.swift; path = ProgrammingLanguage.swift; sourceTree = "<group>"; };
		0B1DA4762931817400B9D08D /* DateView.swift */ = {isa = PBXFileReference; lastKnownFileType = sourcecode.swift; path = DateView.swift; sourceTree = "<group>"; };
		0B1DA4782931822400B9D08D /* CGFloat+CornerRadius.swift */ = {isa = PBXFileReference; lastKnownFileType = sourcecode.swift; path = "CGFloat+CornerRadius.swift"; sourceTree = "<group>"; };
		0B1FA2AB29325C6700608507 /* Education.swift */ = {isa = PBXFileReference; lastKnownFileType = sourcecode.swift; path = Education.swift; sourceTree = "<group>"; };
		0B1FA2AD2932646C00608507 /* DateFormatter+DesignSystem.swift */ = {isa = PBXFileReference; lastKnownFileType = sourcecode.swift; path = "DateFormatter+DesignSystem.swift"; sourceTree = "<group>"; };
		0B1FA2AF2932663500608507 /* PeriodOfLife.swift */ = {isa = PBXFileReference; lastKnownFileType = sourcecode.swift; path = PeriodOfLife.swift; sourceTree = "<group>"; };
		0B1FA2B829326E1B00608507 /* SkillsView.swift */ = {isa = PBXFileReference; lastKnownFileType = sourcecode.swift; path = SkillsView.swift; sourceTree = "<group>"; };
		0B1FA2BA29326E2400608507 /* SkillsViewModel.swift */ = {isa = PBXFileReference; lastKnownFileType = sourcecode.swift; path = SkillsViewModel.swift; sourceTree = "<group>"; };
		0B1FA2BC29326F6000608507 /* Skill.swift */ = {isa = PBXFileReference; lastKnownFileType = sourcecode.swift; path = Skill.swift; sourceTree = "<group>"; };
		0B1FA2C02932771900608507 /* TagView.swift */ = {isa = PBXFileReference; lastKnownFileType = sourcecode.swift; path = TagView.swift; sourceTree = "<group>"; };
		0B1FA2C329327BAE00608507 /* TrainingsView.swift */ = {isa = PBXFileReference; lastKnownFileType = sourcecode.swift; path = TrainingsView.swift; sourceTree = "<group>"; };
		0B1FA2C529327BB700608507 /* TrainingsViewModel.swift */ = {isa = PBXFileReference; lastKnownFileType = sourcecode.swift; path = TrainingsViewModel.swift; sourceTree = "<group>"; };
		0B1FA2C729327C0A00608507 /* String+Format.swift */ = {isa = PBXFileReference; lastKnownFileType = sourcecode.swift; path = "String+Format.swift"; sourceTree = "<group>"; };
		0B1FA2C929327CC900608507 /* Training.swift */ = {isa = PBXFileReference; lastKnownFileType = sourcecode.swift; path = Training.swift; sourceTree = "<group>"; };
		0B1FA2CB2932842E00608507 /* FlowLayout.swift */ = {isa = PBXFileReference; lastKnownFileType = sourcecode.swift; path = FlowLayout.swift; sourceTree = "<group>"; };
		0B1FA2CE293288DF00608507 /* InterestsViewModel.swift */ = {isa = PBXFileReference; lastKnownFileType = sourcecode.swift; path = InterestsViewModel.swift; sourceTree = "<group>"; };
		0B1FA2D0293288F600608507 /* Interest.swift */ = {isa = PBXFileReference; lastKnownFileType = sourcecode.swift; path = Interest.swift; sourceTree = "<group>"; };
		0B1FA2D22932898D00608507 /* InterestsView.swift */ = {isa = PBXFileReference; lastKnownFileType = sourcecode.swift; path = InterestsView.swift; sourceTree = "<group>"; };
		0B1FA2D42932979800608507 /* Date+Convenience.swift */ = {isa = PBXFileReference; lastKnownFileType = sourcecode.swift; path = "Date+Convenience.swift"; sourceTree = "<group>"; };
		0B1FA2D72932BB6400608507 /* PDFRenderer.swift */ = {isa = PBXFileReference; lastKnownFileType = sourcecode.swift; path = PDFRenderer.swift; sourceTree = "<group>"; };
		0B1FA2D92932BD2300608507 /* UIApplication+RootViewController.swift */ = {isa = PBXFileReference; lastKnownFileType = sourcecode.swift; path = "UIApplication+RootViewController.swift"; sourceTree = "<group>"; };
		0B1FA2DB2932C01500608507 /* View+ColorSchemeBasedShadow.swift */ = {isa = PBXFileReference; lastKnownFileType = sourcecode.swift; path = "View+ColorSchemeBasedShadow.swift"; sourceTree = "<group>"; };
/* End PBXFileReference section */

/* Begin PBXFrameworksBuildPhase section */
		0B1DA42B29314DDF00B9D08D /* Frameworks */ = {
			isa = PBXFrameworksBuildPhase;
			buildActionMask = 2147483647;
			files = (
			);
			runOnlyForDeploymentPostprocessing = 0;
		};
		0B1DA43B29314DE100B9D08D /* Frameworks */ = {
			isa = PBXFrameworksBuildPhase;
			buildActionMask = 2147483647;
			files = (
			);
			runOnlyForDeploymentPostprocessing = 0;
		};
/* End PBXFrameworksBuildPhase section */

/* Begin PBXGroup section */
		0B1DA42529314DDF00B9D08D = {
			isa = PBXGroup;
			children = (
				0B1DA43029314DDF00B9D08D /* CV */,
				0B1DA44129314DE100B9D08D /* CVTests */,
				0B1DA42F29314DDF00B9D08D /* Products */,
			);
			sourceTree = "<group>";
		};
		0B1DA42F29314DDF00B9D08D /* Products */ = {
			isa = PBXGroup;
			children = (
				0B1DA42E29314DDF00B9D08D /* CV.app */,
				0B1DA43E29314DE100B9D08D /* CVTests.xctest */,
			);
			name = Products;
			sourceTree = "<group>";
		};
		0B1DA43029314DDF00B9D08D /* CV */ = {
			isa = PBXGroup;
			children = (
				0B1FA2B129326D2B00608507 /* Extensions */,
				0B1FA2D62932BB5900608507 /* Util */,
				0B1FA2B229326D4800608507 /* Data */,
				0B1FA2B329326D6500608507 /* Presentation */,
				0B1DA43129314DDF00B9D08D /* CVApp.swift */,
				0B1DA43529314DE100B9D08D /* Assets.xcassets */,
				0B1DA43729314DE100B9D08D /* Preview Content */,
			);
			path = CV;
			sourceTree = "<group>";
		};
		0B1DA43729314DE100B9D08D /* Preview Content */ = {
			isa = PBXGroup;
			children = (
				0B1DA43829314DE100B9D08D /* Preview Assets.xcassets */,
			);
			path = "Preview Content";
			sourceTree = "<group>";
		};
		0B1DA44129314DE100B9D08D /* CVTests */ = {
			isa = PBXGroup;
			children = (
				0B1DA44229314DE100B9D08D /* CVTests.swift */,
			);
			path = CVTests;
			sourceTree = "<group>";
		};
		0B1FA2B129326D2B00608507 /* Extensions */ = {
			isa = PBXGroup;
			children = (
				0B1DA4632931644E00B9D08D /* Font+DesignSystem.swift */,
				0B1DA467293174EA00B9D08D /* Color+DesignSystem.swift */,
				0B1FA2AD2932646C00608507 /* DateFormatter+DesignSystem.swift */,
				0B1DA4782931822400B9D08D /* CGFloat+CornerRadius.swift */,
				0B1DA465293165E500B9D08D /* CGFloat+Spacings.swift */,
				0B1FA2C729327C0A00608507 /* String+Format.swift */,
				0B1FA2D42932979800608507 /* Date+Convenience.swift */,
				0B1FA2D92932BD2300608507 /* UIApplication+RootViewController.swift */,
				0B1FA2DB2932C01500608507 /* View+ColorSchemeBasedShadow.swift */,
			);
			path = Extensions;
			sourceTree = "<group>";
		};
		0B1FA2B229326D4800608507 /* Data */ = {
			isa = PBXGroup;
			children = (
				0B1FA2AF2932663500608507 /* PeriodOfLife.swift */,
				0B1FA2C929327CC900608507 /* Training.swift */,
				0B1DA47229317CAE00B9D08D /* Job.swift */,
				0B1FA2AB29325C6700608507 /* Education.swift */,
				0B1FA2BC29326F6000608507 /* Skill.swift */,
				0B1FA2D0293288F600608507 /* Interest.swift */,
				0B1DA45F2931523200B9D08D /* Person.swift */,
				0B1DA4612931528500B9D08D /* Person+Me.swift */,
				0B1DA47429317D3200B9D08D /* ProgrammingLanguage.swift */,
			);
			path = Data;
			sourceTree = "<group>";
		};
		0B1FA2B329326D6500608507 /* Presentation */ = {
			isa = PBXGroup;
			children = (
				0B1FA2B429326D7F00608507 /* Common */,
				0B1FA2B529326DA700608507 /* Header */,
				0B1FA2B629326DAE00608507 /* Timeline */,
				0B1FA2B729326DF500608507 /* Skills */,
				0B1FA2C229327B9600608507 /* Trainings */,
				0B1FA2CD293288CE00608507 /* Interests */,
				0B1DA4692931787200B9D08D /* MainViewModel.swift */,
				0B1DA43329314DDF00B9D08D /* MainView.swift */,
			);
			path = Presentation;
			sourceTree = "<group>";
		};
		0B1FA2B429326D7F00608507 /* Common */ = {
			isa = PBXGroup;
			children = (
				0B1DA4762931817400B9D08D /* DateView.swift */,
				0B1FA2C02932771900608507 /* TagView.swift */,
				0B1FA2CB2932842E00608507 /* FlowLayout.swift */,
			);
			path = Common;
			sourceTree = "<group>";
		};
		0B1FA2B529326DA700608507 /* Header */ = {
			isa = PBXGroup;
			children = (
				0B1DA45D2931504200B9D08D /* HeaderViewModel.swift */,
				0B1DA45B29314EDC00B9D08D /* HeaderView.swift */,
			);
			path = Header;
			sourceTree = "<group>";
		};
		0B1FA2B629326DAE00608507 /* Timeline */ = {
			isa = PBXGroup;
			children = (
				0B1DA46E29317B9200B9D08D /* TimelineViewModel.swift */,
				0B1DA46B29317B3600B9D08D /* TimelineView.swift */,
			);
			path = Timeline;
			sourceTree = "<group>";
		};
		0B1FA2B729326DF500608507 /* Skills */ = {
			isa = PBXGroup;
			children = (
				0B1FA2BA29326E2400608507 /* SkillsViewModel.swift */,
				0B1FA2B829326E1B00608507 /* SkillsView.swift */,
			);
			path = Skills;
			sourceTree = "<group>";
		};
		0B1FA2C229327B9600608507 /* Trainings */ = {
			isa = PBXGroup;
			children = (
				0B1FA2C529327BB700608507 /* TrainingsViewModel.swift */,
				0B1FA2C329327BAE00608507 /* TrainingsView.swift */,
			);
			path = Trainings;
			sourceTree = "<group>";
		};
		0B1FA2CD293288CE00608507 /* Interests */ = {
			isa = PBXGroup;
			children = (
				0B1FA2CE293288DF00608507 /* InterestsViewModel.swift */,
				0B1FA2D22932898D00608507 /* InterestsView.swift */,
			);
			path = Interests;
			sourceTree = "<group>";
		};
		0B1FA2D62932BB5900608507 /* Util */ = {
			isa = PBXGroup;
			children = (
				0B1FA2D72932BB6400608507 /* PDFRenderer.swift */,
			);
			path = Util;
			sourceTree = "<group>";
		};
/* End PBXGroup section */

/* Begin PBXNativeTarget section */
		0B1DA42D29314DDF00B9D08D /* CV */ = {
			isa = PBXNativeTarget;
			buildConfigurationList = 0B1DA45229314DE100B9D08D /* Build configuration list for PBXNativeTarget "CV" */;
			buildPhases = (
				0B1DA42A29314DDF00B9D08D /* Sources */,
				0B1DA42B29314DDF00B9D08D /* Frameworks */,
				0B1DA42C29314DDF00B9D08D /* Resources */,
			);
			buildRules = (
			);
			dependencies = (
			);
			name = CV;
			productName = CV;
			productReference = 0B1DA42E29314DDF00B9D08D /* CV.app */;
			productType = "com.apple.product-type.application";
		};
		0B1DA43D29314DE100B9D08D /* CVTests */ = {
			isa = PBXNativeTarget;
			buildConfigurationList = 0B1DA45529314DE100B9D08D /* Build configuration list for PBXNativeTarget "CVTests" */;
			buildPhases = (
				0B1DA43A29314DE100B9D08D /* Sources */,
				0B1DA43B29314DE100B9D08D /* Frameworks */,
				0B1DA43C29314DE100B9D08D /* Resources */,
			);
			buildRules = (
			);
			dependencies = (
				0B1DA44029314DE100B9D08D /* PBXTargetDependency */,
			);
			name = CVTests;
			productName = CVTests;
			productReference = 0B1DA43E29314DE100B9D08D /* CVTests.xctest */;
			productType = "com.apple.product-type.bundle.unit-test";
		};
/* End PBXNativeTarget section */

/* Begin PBXProject section */
		0B1DA42629314DDF00B9D08D /* Project object */ = {
			isa = PBXProject;
			attributes = {
				BuildIndependentTargetsInParallel = 1;
				LastSwiftUpdateCheck = 1410;
				LastUpgradeCheck = 1410;
				TargetAttributes = {
					0B1DA42D29314DDF00B9D08D = {
						CreatedOnToolsVersion = 14.1;
					};
					0B1DA43D29314DE100B9D08D = {
						CreatedOnToolsVersion = 14.1;
						TestTargetID = 0B1DA42D29314DDF00B9D08D;
					};
				};
			};
			buildConfigurationList = 0B1DA42929314DDF00B9D08D /* Build configuration list for PBXProject "CV" */;
			compatibilityVersion = "Xcode 14.0";
			developmentRegion = en;
			hasScannedForEncodings = 0;
			knownRegions = (
				en,
				Base,
			);
			mainGroup = 0B1DA42529314DDF00B9D08D;
			productRefGroup = 0B1DA42F29314DDF00B9D08D /* Products */;
			projectDirPath = "";
			projectRoot = "";
			targets = (
				0B1DA42D29314DDF00B9D08D /* CV */,
				0B1DA43D29314DE100B9D08D /* CVTests */,
			);
		};
/* End PBXProject section */

/* Begin PBXResourcesBuildPhase section */
		0B1DA42C29314DDF00B9D08D /* Resources */ = {
			isa = PBXResourcesBuildPhase;
			buildActionMask = 2147483647;
			files = (
				0B1DA43929314DE100B9D08D /* Preview Assets.xcassets in Resources */,
				0B1DA43629314DE100B9D08D /* Assets.xcassets in Resources */,
			);
			runOnlyForDeploymentPostprocessing = 0;
		};
		0B1DA43C29314DE100B9D08D /* Resources */ = {
			isa = PBXResourcesBuildPhase;
			buildActionMask = 2147483647;
			files = (
			);
			runOnlyForDeploymentPostprocessing = 0;
		};
/* End PBXResourcesBuildPhase section */

/* Begin PBXSourcesBuildPhase section */
		0B1DA42A29314DDF00B9D08D /* Sources */ = {
			isa = PBXSourcesBuildPhase;
			buildActionMask = 2147483647;
			files = (
				0B1FA2C429327BAE00608507 /* TrainingsView.swift in Sources */,
				0B1FA2C829327C0A00608507 /* String+Format.swift in Sources */,
				0B1DA4772931817400B9D08D /* DateView.swift in Sources */,
				0B1DA4792931822400B9D08D /* CGFloat+CornerRadius.swift in Sources */,
				0B1DA4602931523200B9D08D /* Person.swift in Sources */,
				0B1FA2CC2932842E00608507 /* FlowLayout.swift in Sources */,
				0B1DA47529317D3200B9D08D /* ProgrammingLanguage.swift in Sources */,
				0B1FA2D52932979800608507 /* Date+Convenience.swift in Sources */,
				0B1DA46F29317B9200B9D08D /* TimelineViewModel.swift in Sources */,
				0B1FA2BB29326E2400608507 /* SkillsViewModel.swift in Sources */,
				0B1FA2D1293288F600608507 /* Interest.swift in Sources */,
				0B1DA468293174EA00B9D08D /* Color+DesignSystem.swift in Sources */,
				0B1DA43429314DDF00B9D08D /* MainView.swift in Sources */,
				0B1FA2C12932771900608507 /* TagView.swift in Sources */,
				0B1DA47329317CAE00B9D08D /* Job.swift in Sources */,
				0B1FA2D82932BB6400608507 /* PDFRenderer.swift in Sources */,
				0B1FA2BD29326F6000608507 /* Skill.swift in Sources */,
				0B1FA2DA2932BD2300608507 /* UIApplication+RootViewController.swift in Sources */,
				0B1FA2CF293288DF00608507 /* InterestsViewModel.swift in Sources */,
				0B1FA2AC29325C6700608507 /* Education.swift in Sources */,
				0B1DA45E2931504200B9D08D /* HeaderViewModel.swift in Sources */,
				0B1DA4642931644E00B9D08D /* Font+DesignSystem.swift in Sources */,
				0B1DA46C29317B3600B9D08D /* TimelineView.swift in Sources */,
				0B1DA46A2931787200B9D08D /* MainViewModel.swift in Sources */,
				0B1DA4622931528500B9D08D /* Person+Me.swift in Sources */,
				0B1FA2AE2932646C00608507 /* DateFormatter+DesignSystem.swift in Sources */,
				0B1FA2D32932898D00608507 /* InterestsView.swift in Sources */,
				0B1DA45C29314EDC00B9D08D /* HeaderView.swift in Sources */,
				0B1FA2B929326E1B00608507 /* SkillsView.swift in Sources */,
				0B1DA43229314DDF00B9D08D /* CVApp.swift in Sources */,
				0B1DA466293165E500B9D08D /* CGFloat+Spacings.swift in Sources */,
				0B1FA2C629327BB700608507 /* TrainingsViewModel.swift in Sources */,
				0B1FA2CA29327CC900608507 /* Training.swift in Sources */,
				0B1FA2DC2932C01500608507 /* View+ColorSchemeBasedShadow.swift in Sources */,
				0B1FA2B02932663500608507 /* PeriodOfLife.swift in Sources */,
			);
			runOnlyForDeploymentPostprocessing = 0;
		};
		0B1DA43A29314DE100B9D08D /* Sources */ = {
			isa = PBXSourcesBuildPhase;
			buildActionMask = 2147483647;
			files = (
				0B1DA44329314DE100B9D08D /* CVTests.swift in Sources */,
			);
			runOnlyForDeploymentPostprocessing = 0;
		};
/* End PBXSourcesBuildPhase section */

/* Begin PBXTargetDependency section */
		0B1DA44029314DE100B9D08D /* PBXTargetDependency */ = {
			isa = PBXTargetDependency;
			target = 0B1DA42D29314DDF00B9D08D /* CV */;
			targetProxy = 0B1DA43F29314DE100B9D08D /* PBXContainerItemProxy */;
		};
/* End PBXTargetDependency section */

/* Begin XCBuildConfiguration section */
		0B1DA45029314DE100B9D08D /* Debug */ = {
			isa = XCBuildConfiguration;
			buildSettings = {
				ALWAYS_SEARCH_USER_PATHS = NO;
				CLANG_ANALYZER_NONNULL = YES;
				CLANG_ANALYZER_NUMBER_OBJECT_CONVERSION = YES_AGGRESSIVE;
				CLANG_CXX_LANGUAGE_STANDARD = "gnu++20";
				CLANG_ENABLE_MODULES = YES;
				CLANG_ENABLE_OBJC_ARC = YES;
				CLANG_ENABLE_OBJC_WEAK = YES;
				CLANG_WARN_BLOCK_CAPTURE_AUTORELEASING = YES;
				CLANG_WARN_BOOL_CONVERSION = YES;
				CLANG_WARN_COMMA = YES;
				CLANG_WARN_CONSTANT_CONVERSION = YES;
				CLANG_WARN_DEPRECATED_OBJC_IMPLEMENTATIONS = YES;
				CLANG_WARN_DIRECT_OBJC_ISA_USAGE = YES_ERROR;
				CLANG_WARN_DOCUMENTATION_COMMENTS = YES;
				CLANG_WARN_EMPTY_BODY = YES;
				CLANG_WARN_ENUM_CONVERSION = YES;
				CLANG_WARN_INFINITE_RECURSION = YES;
				CLANG_WARN_INT_CONVERSION = YES;
				CLANG_WARN_NON_LITERAL_NULL_CONVERSION = YES;
				CLANG_WARN_OBJC_IMPLICIT_RETAIN_SELF = YES;
				CLANG_WARN_OBJC_LITERAL_CONVERSION = YES;
				CLANG_WARN_OBJC_ROOT_CLASS = YES_ERROR;
				CLANG_WARN_QUOTED_INCLUDE_IN_FRAMEWORK_HEADER = YES;
				CLANG_WARN_RANGE_LOOP_ANALYSIS = YES;
				CLANG_WARN_STRICT_PROTOTYPES = YES;
				CLANG_WARN_SUSPICIOUS_MOVE = YES;
				CLANG_WARN_UNGUARDED_AVAILABILITY = YES_AGGRESSIVE;
				CLANG_WARN_UNREACHABLE_CODE = YES;
				CLANG_WARN__DUPLICATE_METHOD_MATCH = YES;
				COPY_PHASE_STRIP = NO;
				DEBUG_INFORMATION_FORMAT = dwarf;
				ENABLE_STRICT_OBJC_MSGSEND = YES;
				ENABLE_TESTABILITY = YES;
				GCC_C_LANGUAGE_STANDARD = gnu11;
				GCC_DYNAMIC_NO_PIC = NO;
				GCC_NO_COMMON_BLOCKS = YES;
				GCC_OPTIMIZATION_LEVEL = 0;
				GCC_PREPROCESSOR_DEFINITIONS = (
					"DEBUG=1",
					"$(inherited)",
				);
				GCC_WARN_64_TO_32_BIT_CONVERSION = YES;
				GCC_WARN_ABOUT_RETURN_TYPE = YES_ERROR;
				GCC_WARN_UNDECLARED_SELECTOR = YES;
				GCC_WARN_UNINITIALIZED_AUTOS = YES_AGGRESSIVE;
				GCC_WARN_UNUSED_FUNCTION = YES;
				GCC_WARN_UNUSED_VARIABLE = YES;
				IPHONEOS_DEPLOYMENT_TARGET = 16.1;
				MTL_ENABLE_DEBUG_INFO = INCLUDE_SOURCE;
				MTL_FAST_MATH = YES;
				ONLY_ACTIVE_ARCH = YES;
				SDKROOT = iphoneos;
				SWIFT_ACTIVE_COMPILATION_CONDITIONS = DEBUG;
				SWIFT_OPTIMIZATION_LEVEL = "-Onone";
			};
			name = Debug;
		};
		0B1DA45129314DE100B9D08D /* Release */ = {
			isa = XCBuildConfiguration;
			buildSettings = {
				ALWAYS_SEARCH_USER_PATHS = NO;
				CLANG_ANALYZER_NONNULL = YES;
				CLANG_ANALYZER_NUMBER_OBJECT_CONVERSION = YES_AGGRESSIVE;
				CLANG_CXX_LANGUAGE_STANDARD = "gnu++20";
				CLANG_ENABLE_MODULES = YES;
				CLANG_ENABLE_OBJC_ARC = YES;
				CLANG_ENABLE_OBJC_WEAK = YES;
				CLANG_WARN_BLOCK_CAPTURE_AUTORELEASING = YES;
				CLANG_WARN_BOOL_CONVERSION = YES;
				CLANG_WARN_COMMA = YES;
				CLANG_WARN_CONSTANT_CONVERSION = YES;
				CLANG_WARN_DEPRECATED_OBJC_IMPLEMENTATIONS = YES;
				CLANG_WARN_DIRECT_OBJC_ISA_USAGE = YES_ERROR;
				CLANG_WARN_DOCUMENTATION_COMMENTS = YES;
				CLANG_WARN_EMPTY_BODY = YES;
				CLANG_WARN_ENUM_CONVERSION = YES;
				CLANG_WARN_INFINITE_RECURSION = YES;
				CLANG_WARN_INT_CONVERSION = YES;
				CLANG_WARN_NON_LITERAL_NULL_CONVERSION = YES;
				CLANG_WARN_OBJC_IMPLICIT_RETAIN_SELF = YES;
				CLANG_WARN_OBJC_LITERAL_CONVERSION = YES;
				CLANG_WARN_OBJC_ROOT_CLASS = YES_ERROR;
				CLANG_WARN_QUOTED_INCLUDE_IN_FRAMEWORK_HEADER = YES;
				CLANG_WARN_RANGE_LOOP_ANALYSIS = YES;
				CLANG_WARN_STRICT_PROTOTYPES = YES;
				CLANG_WARN_SUSPICIOUS_MOVE = YES;
				CLANG_WARN_UNGUARDED_AVAILABILITY = YES_AGGRESSIVE;
				CLANG_WARN_UNREACHABLE_CODE = YES;
				CLANG_WARN__DUPLICATE_METHOD_MATCH = YES;
				COPY_PHASE_STRIP = NO;
				DEBUG_INFORMATION_FORMAT = "dwarf-with-dsym";
				ENABLE_NS_ASSERTIONS = NO;
				ENABLE_STRICT_OBJC_MSGSEND = YES;
				GCC_C_LANGUAGE_STANDARD = gnu11;
				GCC_NO_COMMON_BLOCKS = YES;
				GCC_WARN_64_TO_32_BIT_CONVERSION = YES;
				GCC_WARN_ABOUT_RETURN_TYPE = YES_ERROR;
				GCC_WARN_UNDECLARED_SELECTOR = YES;
				GCC_WARN_UNINITIALIZED_AUTOS = YES_AGGRESSIVE;
				GCC_WARN_UNUSED_FUNCTION = YES;
				GCC_WARN_UNUSED_VARIABLE = YES;
				IPHONEOS_DEPLOYMENT_TARGET = 16.1;
				MTL_ENABLE_DEBUG_INFO = NO;
				MTL_FAST_MATH = YES;
				SDKROOT = iphoneos;
				SWIFT_COMPILATION_MODE = wholemodule;
				SWIFT_OPTIMIZATION_LEVEL = "-O";
				VALIDATE_PRODUCT = YES;
			};
			name = Release;
		};
		0B1DA45329314DE100B9D08D /* Debug */ = {
			isa = XCBuildConfiguration;
			buildSettings = {
				ASSETCATALOG_COMPILER_APPICON_NAME = AppIcon;
				ASSETCATALOG_COMPILER_GLOBAL_ACCENT_COLOR_NAME = AccentColor;
				CODE_SIGN_STYLE = Automatic;
				CURRENT_PROJECT_VERSION = 1;
				DEVELOPMENT_ASSET_PATHS = "\"CV/Preview Content\"";
				DEVELOPMENT_TEAM = FGC363783Q;
				ENABLE_PREVIEWS = YES;
				GENERATE_INFOPLIST_FILE = YES;
				INFOPLIST_KEY_UIApplicationSceneManifest_Generation = YES;
				INFOPLIST_KEY_UIApplicationSupportsIndirectInputEvents = YES;
				INFOPLIST_KEY_UILaunchScreen_Generation = YES;
				INFOPLIST_KEY_UISupportedInterfaceOrientations_iPad = "UIInterfaceOrientationPortrait UIInterfaceOrientationPortraitUpsideDown UIInterfaceOrientationLandscapeLeft UIInterfaceOrientationLandscapeRight";
				INFOPLIST_KEY_UISupportedInterfaceOrientations_iPhone = "UIInterfaceOrientationPortrait UIInterfaceOrientationLandscapeLeft UIInterfaceOrientationLandscapeRight";
				LD_RUNPATH_SEARCH_PATHS = (
					"$(inherited)",
					"@executable_path/Frameworks",
				);
				MARKETING_VERSION = 1.0;
				PRODUCT_BUNDLE_IDENTIFIER = com.neoxapps.CV;
				PRODUCT_NAME = "$(TARGET_NAME)";
				SUPPORTED_PLATFORMS = "iphoneos iphonesimulator";
				SUPPORTS_MACCATALYST = NO;
				SUPPORTS_MAC_DESIGNED_FOR_IPHONE_IPAD = YES;
				SWIFT_EMIT_LOC_STRINGS = YES;
				SWIFT_VERSION = 5.0;
				TARGETED_DEVICE_FAMILY = 2;
			};
			name = Debug;
		};
		0B1DA45429314DE100B9D08D /* Release */ = {
			isa = XCBuildConfiguration;
			buildSettings = {
				ASSETCATALOG_COMPILER_APPICON_NAME = AppIcon;
				ASSETCATALOG_COMPILER_GLOBAL_ACCENT_COLOR_NAME = AccentColor;
				CODE_SIGN_STYLE = Automatic;
				CURRENT_PROJECT_VERSION = 1;
				DEVELOPMENT_ASSET_PATHS = "\"CV/Preview Content\"";
				DEVELOPMENT_TEAM = FGC363783Q;
				ENABLE_PREVIEWS = YES;
				GENERATE_INFOPLIST_FILE = YES;
				INFOPLIST_KEY_UIApplicationSceneManifest_Generation = YES;
				INFOPLIST_KEY_UIApplicationSupportsIndirectInputEvents = YES;
				INFOPLIST_KEY_UILaunchScreen_Generation = YES;
				INFOPLIST_KEY_UISupportedInterfaceOrientations_iPad = "UIInterfaceOrientationPortrait UIInterfaceOrientationPortraitUpsideDown UIInterfaceOrientationLandscapeLeft UIInterfaceOrientationLandscapeRight";
				INFOPLIST_KEY_UISupportedInterfaceOrientations_iPhone = "UIInterfaceOrientationPortrait UIInterfaceOrientationLandscapeLeft UIInterfaceOrientationLandscapeRight";
				LD_RUNPATH_SEARCH_PATHS = (
					"$(inherited)",
					"@executable_path/Frameworks",
				);
				MARKETING_VERSION = 1.0;
				PRODUCT_BUNDLE_IDENTIFIER = com.neoxapps.CV;
				PRODUCT_NAME = "$(TARGET_NAME)";
				SUPPORTED_PLATFORMS = "iphoneos iphonesimulator";
				SUPPORTS_MACCATALYST = NO;
				SUPPORTS_MAC_DESIGNED_FOR_IPHONE_IPAD = YES;
				SWIFT_EMIT_LOC_STRINGS = YES;
				SWIFT_VERSION = 5.0;
				TARGETED_DEVICE_FAMILY = 2;
			};
			name = Release;
		};
		0B1DA45629314DE100B9D08D /* Debug */ = {
			isa = XCBuildConfiguration;
			buildSettings = {
				ALWAYS_EMBED_SWIFT_STANDARD_LIBRARIES = YES;
				BUNDLE_LOADER = "$(TEST_HOST)";
				CODE_SIGN_STYLE = Automatic;
				CURRENT_PROJECT_VERSION = 1;
				DEVELOPMENT_TEAM = FGC363783Q;
				GENERATE_INFOPLIST_FILE = YES;
				IPHONEOS_DEPLOYMENT_TARGET = 16.1;
				MARKETING_VERSION = 1.0;
				PRODUCT_BUNDLE_IDENTIFIER = com.neoxapps.CVTests;
				PRODUCT_NAME = "$(TARGET_NAME)";
				SWIFT_EMIT_LOC_STRINGS = NO;
				SWIFT_VERSION = 5.0;
				TARGETED_DEVICE_FAMILY = "1,2";
				TEST_HOST = "$(BUILT_PRODUCTS_DIR)/CV.app/$(BUNDLE_EXECUTABLE_FOLDER_PATH)/CV";
			};
			name = Debug;
		};
		0B1DA45729314DE100B9D08D /* Release */ = {
			isa = XCBuildConfiguration;
			buildSettings = {
				ALWAYS_EMBED_SWIFT_STANDARD_LIBRARIES = YES;
				BUNDLE_LOADER = "$(TEST_HOST)";
				CODE_SIGN_STYLE = Automatic;
				CURRENT_PROJECT_VERSION = 1;
				DEVELOPMENT_TEAM = FGC363783Q;
				GENERATE_INFOPLIST_FILE = YES;
				IPHONEOS_DEPLOYMENT_TARGET = 16.1;
				MARKETING_VERSION = 1.0;
				PRODUCT_BUNDLE_IDENTIFIER = com.neoxapps.CVTests;
				PRODUCT_NAME = "$(TARGET_NAME)";
				SWIFT_EMIT_LOC_STRINGS = NO;
				SWIFT_VERSION = 5.0;
				TARGETED_DEVICE_FAMILY = "1,2";
				TEST_HOST = "$(BUILT_PRODUCTS_DIR)/CV.app/$(BUNDLE_EXECUTABLE_FOLDER_PATH)/CV";
			};
			name = Release;
		};
/* End XCBuildConfiguration section */

/* Begin XCConfigurationList section */
		0B1DA42929314DDF00B9D08D /* Build configuration list for PBXProject "CV" */ = {
			isa = XCConfigurationList;
			buildConfigurations = (
				0B1DA45029314DE100B9D08D /* Debug */,
				0B1DA45129314DE100B9D08D /* Release */,
			);
			defaultConfigurationIsVisible = 0;
			defaultConfigurationName = Release;
		};
		0B1DA45229314DE100B9D08D /* Build configuration list for PBXNativeTarget "CV" */ = {
			isa = XCConfigurationList;
			buildConfigurations = (
				0B1DA45329314DE100B9D08D /* Debug */,
				0B1DA45429314DE100B9D08D /* Release */,
			);
			defaultConfigurationIsVisible = 0;
			defaultConfigurationName = Release;
		};
		0B1DA45529314DE100B9D08D /* Build configuration list for PBXNativeTarget "CVTests" */ = {
			isa = XCConfigurationList;
			buildConfigurations = (
				0B1DA45629314DE100B9D08D /* Debug */,
				0B1DA45729314DE100B9D08D /* Release */,
			);
			defaultConfigurationIsVisible = 0;
			defaultConfigurationName = Release;
		};
/* End XCConfigurationList section */
	};
	rootObject = 0B1DA42629314DDF00B9D08D /* Project object */;
}
